
Microsoft Visual Studio Solution File, Format Version 12.00
# Visual Studio Version 17
VisualStudioVersion = 17.9.34728.123
MinimumVisualStudioVersion = 10.0.40219.1
Project("{FAE04EC0-301F-11D3-BF4B-00C04F79EFBC}") = "ex18_winControlApp", "ex18_winControlApp\ex18_winControlApp.csproj", "{B88A27DD-F269-4119-96D2-786E5856F95F}"
EndProject
Global
	GlobalSection(SolutionConfigurationPlatforms) = preSolution
		Debug|Any CPU = Debug|Any CPU
		Release|Any CPU = Release|Any CPU
	EndGlobalSection
	GlobalSection(ProjectConfigurationPlatforms) = postSolution
		{B88A27DD-F269-4119-96D2-786E5856F95F}.Debug|Any CPU.ActiveCfg = Debug|Any CPU
		{B88A27DD-F269-4119-96D2-786E5856F95F}.Debug|Any CPU.Build.0 = Debug|Any CPU
		{B88A27DD-F269-4119-96D2-786E5856F95F}.Release|Any CPU.ActiveCfg = Release|Any CPU
		{B88A27DD-F269-4119-96D2-786E5856F95F}.Release|Any CPU.Build.0 = Release|Any CPU
	EndGlobalSection
	GlobalSection(SolutionProperties) = preSolution
		HideSolutionNode = FALSE
	EndGlobalSection
	GlobalSection(ExtensibilityGlobals) = postSolution
		SolutionGuid = {EC08799E-B6B4-42B1-AABC-0D6D180537FB}
	EndGlobalSection
EndGlobal
